
Microsoft Visual Studio Solution File, Format Version 12.00
# Visual Studio 2013
VisualStudioVersion = 12.0.31101.0
MinimumVisualStudioVersion = 10.0.40219.1
Project("{FAE04EC0-301F-11D3-BF4B-00C04F79EFBC}") = "vocoder", "vocoder\vocoder.csproj", "{CF828A40-3CD8-488C-AFDA-E3DE200A974F}"
	ProjectSection(ProjectDependencies) = postProject
		{BEA875B8-E28A-49C5-8E7E-6512DA65F7E1} = {BEA875B8-E28A-49C5-8E7E-6512DA65F7E1}
	EndProjectSection
EndProject
Project("{FAE04EC0-301F-11D3-BF4B-00C04F79EFBC}") = "FFTWSharp", "FFTWSharp\FFTWSharp\FFTWSharp.csproj", "{BEA875B8-E28A-49C5-8E7E-6512DA65F7E1}"
EndProject
Project("{FAE04EC0-301F-11D3-BF4B-00C04F79EFBC}") = "NAudio", "NAudio\NAudio\NAudio.csproj", "{DA4F02E3-0B5E-42CD-B8D9-5583FA51D66E}"
EndProject
Project("{FAE04EC0-301F-11D3-BF4B-00C04F79EFBC}") = "vocoder.ClassLibrary", "vocoder.ClassLibrary\vocoder.ClassLibrary.csproj", "{A2CA5E89-BADE-4AEF-9F51-E7AF3AECAD7B}"
EndProject
Project("{2150E333-8FDC-42A3-9474-1A3956D46DE8}") = ".nuget", ".nuget", "{877C6D0E-B9A2-4C06-A9FD-C8FFE951C1DB}"
	ProjectSection(SolutionItems) = preProject
		.nuget\NuGet.Config = .nuget\NuGet.Config
		.nuget\NuGet.exe = .nuget\NuGet.exe
		.nuget\NuGet.targets = .nuget\NuGet.targets
	EndProjectSection
EndProject
Project("{FAE04EC0-301F-11D3-BF4B-00C04F79EFBC}") = "vocoder.DatabaseLibrary", "vocoder.DatabaseLibrary\vocoder.DatabaseLibrary.csproj", "{BE21002E-D420-4B27-880E-23987FBABEBC}"
EndProject
Global
	GlobalSection(SolutionConfigurationPlatforms) = preSolution
		Debug|Any CPU = Debug|Any CPU
		Debug|Mixed Platforms = Debug|Mixed Platforms
		Debug|Win32 = Debug|Win32
		Debug|x64 = Debug|x64
		Debug|x86 = Debug|x86
		Release|Any CPU = Release|Any CPU
		Release|Mixed Platforms = Release|Mixed Platforms
		Release|Win32 = Release|Win32
		Release|x64 = Release|x64
		Release|x86 = Release|x86
		Static-Debug|Any CPU = Static-Debug|Any CPU
		Static-Debug|Mixed Platforms = Static-Debug|Mixed Platforms
		Static-Debug|Win32 = Static-Debug|Win32
		Static-Debug|x64 = Static-Debug|x64
		Static-Debug|x86 = Static-Debug|x86
		Static-Release|Any CPU = Static-Release|Any CPU
		Static-Release|Mixed Platforms = Static-Release|Mixed Platforms
		Static-Release|Win32 = Static-Release|Win32
		Static-Release|x64 = Static-Release|x64
		Static-Release|x86 = Static-Release|x86
	EndGlobalSection
	GlobalSection(ProjectConfigurationPlatforms) = postSolution
		{CF828A40-3CD8-488C-AFDA-E3DE200A974F}.Debug|Any CPU.ActiveCfg = Debug|Any CPU
		{CF828A40-3CD8-488C-AFDA-E3DE200A974F}.Debug|Any CPU.Build.0 = Debug|Any CPU
		{CF828A40-3CD8-488C-AFDA-E3DE200A974F}.Debug|Mixed Platforms.ActiveCfg = Debug|Any CPU
		{CF828A40-3CD8-488C-AFDA-E3DE200A974F}.Debug|Mixed Platforms.Build.0 = Debug|Any CPU
		{CF828A40-3CD8-488C-AFDA-E3DE200A974F}.Debug|Win32.ActiveCfg = Debug|Any CPU
		{CF828A40-3CD8-488C-AFDA-E3DE200A974F}.Debug|x64.ActiveCfg = Debug|x64
		{CF828A40-3CD8-488C-AFDA-E3DE200A974F}.Debug|x64.Build.0 = Debug|x64
		{CF828A40-3CD8-488C-AFDA-E3DE200A974F}.Debug|x86.ActiveCfg = Debug|x86
		{CF828A40-3CD8-488C-AFDA-E3DE200A974F}.Debug|x86.Build.0 = Debug|x86
		{CF828A40-3CD8-488C-AFDA-E3DE200A974F}.Release|Any CPU.ActiveCfg = Release|Any CPU
		{CF828A40-3CD8-488C-AFDA-E3DE200A974F}.Release|Any CPU.Build.0 = Release|Any CPU
		{CF828A40-3CD8-488C-AFDA-E3DE200A974F}.Release|Mixed Platforms.ActiveCfg = Release|Any CPU
		{CF828A40-3CD8-488C-AFDA-E3DE200A974F}.Release|Mixed Platforms.Build.0 = Release|Any CPU
		{CF828A40-3CD8-488C-AFDA-E3DE200A974F}.Release|Win32.ActiveCfg = Release|Any CPU
		{CF828A40-3CD8-488C-AFDA-E3DE200A974F}.Release|x64.ActiveCfg = Release|x64
		{CF828A40-3CD8-488C-AFDA-E3DE200A974F}.Release|x64.Build.0 = Release|x64
		{CF828A40-3CD8-488C-AFDA-E3DE200A974F}.Release|x86.ActiveCfg = Release|x86
		{CF828A40-3CD8-488C-AFDA-E3DE200A974F}.Release|x86.Build.0 = Release|x86
		{CF828A40-3CD8-488C-AFDA-E3DE200A974F}.Static-Debug|Any CPU.ActiveCfg = Debug|Any CPU
		{CF828A40-3CD8-488C-AFDA-E3DE200A974F}.Static-Debug|Any CPU.Build.0 = Debug|Any CPU
		{CF828A40-3CD8-488C-AFDA-E3DE200A974F}.Static-Debug|Mixed Platforms.ActiveCfg = Debug|Any CPU
		{CF828A40-3CD8-488C-AFDA-E3DE200A974F}.Static-Debug|Mixed Platforms.Build.0 = Debug|Any CPU
		{CF828A40-3CD8-488C-AFDA-E3DE200A974F}.Static-Debug|Win32.ActiveCfg = Debug|Any CPU
		{CF828A40-3CD8-488C-AFDA-E3DE200A974F}.Static-Debug|x64.ActiveCfg = Debug|Any CPU
		{CF828A40-3CD8-488C-AFDA-E3DE200A974F}.Static-Debug|x86.ActiveCfg = Debug|x86
		{CF828A40-3CD8-488C-AFDA-E3DE200A974F}.Static-Debug|x86.Build.0 = Debug|x86
		{CF828A40-3CD8-488C-AFDA-E3DE200A974F}.Static-Release|Any CPU.ActiveCfg = Release|Any CPU
		{CF828A40-3CD8-488C-AFDA-E3DE200A974F}.Static-Release|Any CPU.Build.0 = Release|Any CPU
		{CF828A40-3CD8-488C-AFDA-E3DE200A974F}.Static-Release|Mixed Platforms.ActiveCfg = Release|Any CPU
		{CF828A40-3CD8-488C-AFDA-E3DE200A974F}.Static-Release|Mixed Platforms.Build.0 = Release|Any CPU
		{CF828A40-3CD8-488C-AFDA-E3DE200A974F}.Static-Release|Win32.ActiveCfg = Release|Any CPU
		{CF828A40-3CD8-488C-AFDA-E3DE200A974F}.Static-Release|x64.ActiveCfg = Release|Any CPU
		{CF828A40-3CD8-488C-AFDA-E3DE200A974F}.Static-Release|x86.ActiveCfg = Release|x86
		{CF828A40-3CD8-488C-AFDA-E3DE200A974F}.Static-Release|x86.Build.0 = Release|x86
		{BEA875B8-E28A-49C5-8E7E-6512DA65F7E1}.Debug|Any CPU.ActiveCfg = Debug|Any CPU
		{BEA875B8-E28A-49C5-8E7E-6512DA65F7E1}.Debug|Any CPU.Build.0 = Debug|Any CPU
		{BEA875B8-E28A-49C5-8E7E-6512DA65F7E1}.Debug|Mixed Platforms.ActiveCfg = Debug|Any CPU
		{BEA875B8-E28A-49C5-8E7E-6512DA65F7E1}.Debug|Mixed Platforms.Build.0 = Debug|Any CPU
		{BEA875B8-E28A-49C5-8E7E-6512DA65F7E1}.Debug|Win32.ActiveCfg = Debug|Any CPU
		{BEA875B8-E28A-49C5-8E7E-6512DA65F7E1}.Debug|x64.ActiveCfg = Debug|x64
		{BEA875B8-E28A-49C5-8E7E-6512DA65F7E1}.Debug|x64.Build.0 = Debug|x64
		{BEA875B8-E28A-49C5-8E7E-6512DA65F7E1}.Debug|x86.ActiveCfg = Debug|x86
		{BEA875B8-E28A-49C5-8E7E-6512DA65F7E1}.Debug|x86.Build.0 = Debug|x86
		{BEA875B8-E28A-49C5-8E7E-6512DA65F7E1}.Release|Any CPU.ActiveCfg = Release|Any CPU
		{BEA875B8-E28A-49C5-8E7E-6512DA65F7E1}.Release|Any CPU.Build.0 = Release|Any CPU
		{BEA875B8-E28A-49C5-8E7E-6512DA65F7E1}.Release|Mixed Platforms.ActiveCfg = Release|Any CPU
		{BEA875B8-E28A-49C5-8E7E-6512DA65F7E1}.Release|Mixed Platforms.Build.0 = Release|Any CPU
		{BEA875B8-E28A-49C5-8E7E-6512DA65F7E1}.Release|Win32.ActiveCfg = Release|Any CPU
		{BEA875B8-E28A-49C5-8E7E-6512DA65F7E1}.Release|x64.ActiveCfg = Release|x64
		{BEA875B8-E28A-49C5-8E7E-6512DA65F7E1}.Release|x64.Build.0 = Release|x64
		{BEA875B8-E28A-49C5-8E7E-6512DA65F7E1}.Release|x86.ActiveCfg = Release|x86
		{BEA875B8-E28A-49C5-8E7E-6512DA65F7E1}.Release|x86.Build.0 = Release|x86
		{BEA875B8-E28A-49C5-8E7E-6512DA65F7E1}.Static-Debug|Any CPU.ActiveCfg = Debug|Any CPU
		{BEA875B8-E28A-49C5-8E7E-6512DA65F7E1}.Static-Debug|Any CPU.Build.0 = Debug|Any CPU
		{BEA875B8-E28A-49C5-8E7E-6512DA65F7E1}.Static-Debug|Mixed Platforms.ActiveCfg = Debug|Any CPU
		{BEA875B8-E28A-49C5-8E7E-6512DA65F7E1}.Static-Debug|Mixed Platforms.Build.0 = Debug|Any CPU
		{BEA875B8-E28A-49C5-8E7E-6512DA65F7E1}.Static-Debug|Win32.ActiveCfg = Debug|Any CPU
		{BEA875B8-E28A-49C5-8E7E-6512DA65F7E1}.Static-Debug|x64.ActiveCfg = Debug|Any CPU
		{BEA875B8-E28A-49C5-8E7E-6512DA65F7E1}.Static-Debug|x86.ActiveCfg = Debug|x86
		{BEA875B8-E28A-49C5-8E7E-6512DA65F7E1}.Static-Debug|x86.Build.0 = Debug|x86
		{BEA875B8-E28A-49C5-8E7E-6512DA65F7E1}.Static-Release|Any CPU.ActiveCfg = Release|Any CPU
		{BEA875B8-E28A-49C5-8E7E-6512DA65F7E1}.Static-Release|Any CPU.Build.0 = Release|Any CPU
		{BEA875B8-E28A-49C5-8E7E-6512DA65F7E1}.Static-Release|Mixed Platforms.ActiveCfg = Release|Any CPU
		{BEA875B8-E28A-49C5-8E7E-6512DA65F7E1}.Static-Release|Mixed Platforms.Build.0 = Release|Any CPU
		{BEA875B8-E28A-49C5-8E7E-6512DA65F7E1}.Static-Release|Win32.ActiveCfg = Release|Any CPU
		{BEA875B8-E28A-49C5-8E7E-6512DA65F7E1}.Static-Release|x64.ActiveCfg = Release|Any CPU
		{BEA875B8-E28A-49C5-8E7E-6512DA65F7E1}.Static-Release|x86.ActiveCfg = Release|x86
		{BEA875B8-E28A-49C5-8E7E-6512DA65F7E1}.Static-Release|x86.Build.0 = Release|x86
		{DA4F02E3-0B5E-42CD-B8D9-5583FA51D66E}.Debug|Any CPU.ActiveCfg = Debug|Any CPU
		{DA4F02E3-0B5E-42CD-B8D9-5583FA51D66E}.Debug|Any CPU.Build.0 = Debug|Any CPU
		{DA4F02E3-0B5E-42CD-B8D9-5583FA51D66E}.Debug|Mixed Platforms.ActiveCfg = Debug|Any CPU
		{DA4F02E3-0B5E-42CD-B8D9-5583FA51D66E}.Debug|Mixed Platforms.Build.0 = Debug|Any CPU
		{DA4F02E3-0B5E-42CD-B8D9-5583FA51D66E}.Debug|Win32.ActiveCfg = Debug|Any CPU
		{DA4F02E3-0B5E-42CD-B8D9-5583FA51D66E}.Debug|x64.ActiveCfg = Debug|x64
		{DA4F02E3-0B5E-42CD-B8D9-5583FA51D66E}.Debug|x64.Build.0 = Debug|x64
		{DA4F02E3-0B5E-42CD-B8D9-5583FA51D66E}.Debug|x86.ActiveCfg = Debug|x86
		{DA4F02E3-0B5E-42CD-B8D9-5583FA51D66E}.Debug|x86.Build.0 = Debug|x86
		{DA4F02E3-0B5E-42CD-B8D9-5583FA51D66E}.Release|Any CPU.ActiveCfg = Release|Any CPU
		{DA4F02E3-0B5E-42CD-B8D9-5583FA51D66E}.Release|Any CPU.Build.0 = Release|Any CPU
		{DA4F02E3-0B5E-42CD-B8D9-5583FA51D66E}.Release|Mixed Platforms.ActiveCfg = Release|Any CPU
		{DA4F02E3-0B5E-42CD-B8D9-5583FA51D66E}.Release|Mixed Platforms.Build.0 = Release|Any CPU
		{DA4F02E3-0B5E-42CD-B8D9-5583FA51D66E}.Release|Win32.ActiveCfg = Release|Any CPU
		{DA4F02E3-0B5E-42CD-B8D9-5583FA51D66E}.Release|x64.ActiveCfg = Release|x64
		{DA4F02E3-0B5E-42CD-B8D9-5583FA51D66E}.Release|x64.Build.0 = Release|x64
		{DA4F02E3-0B5E-42CD-B8D9-5583FA51D66E}.Release|x86.ActiveCfg = Release|x86
		{DA4F02E3-0B5E-42CD-B8D9-5583FA51D66E}.Release|x86.Build.0 = Release|x86
		{DA4F02E3-0B5E-42CD-B8D9-5583FA51D66E}.Static-Debug|Any CPU.ActiveCfg = Debug|Any CPU
		{DA4F02E3-0B5E-42CD-B8D9-5583FA51D66E}.Static-Debug|Any CPU.Build.0 = Debug|Any CPU
		{DA4F02E3-0B5E-42CD-B8D9-5583FA51D66E}.Static-Debug|Mixed Platforms.ActiveCfg = Debug|Any CPU
		{DA4F02E3-0B5E-42CD-B8D9-5583FA51D66E}.Static-Debug|Mixed Platforms.Build.0 = Debug|Any CPU
		{DA4F02E3-0B5E-42CD-B8D9-5583FA51D66E}.Static-Debug|Win32.ActiveCfg = Debug|Any CPU
		{DA4F02E3-0B5E-42CD-B8D9-5583FA51D66E}.Static-Debug|x64.ActiveCfg = Debug|Any CPU
		{DA4F02E3-0B5E-42CD-B8D9-5583FA51D66E}.Static-Debug|x86.ActiveCfg = Debug|x86
		{DA4F02E3-0B5E-42CD-B8D9-5583FA51D66E}.Static-Debug|x86.Build.0 = Debug|x86
		{DA4F02E3-0B5E-42CD-B8D9-5583FA51D66E}.Static-Release|Any CPU.ActiveCfg = Release|Any CPU
		{DA4F02E3-0B5E-42CD-B8D9-5583FA51D66E}.Static-Release|Any CPU.Build.0 = Release|Any CPU
		{DA4F02E3-0B5E-42CD-B8D9-5583FA51D66E}.Static-Release|Mixed Platforms.ActiveCfg = Release|Any CPU
		{DA4F02E3-0B5E-42CD-B8D9-5583FA51D66E}.Static-Release|Mixed Platforms.Build.0 = Release|Any CPU
		{DA4F02E3-0B5E-42CD-B8D9-5583FA51D66E}.Static-Release|Win32.ActiveCfg = Release|Any CPU
		{DA4F02E3-0B5E-42CD-B8D9-5583FA51D66E}.Static-Release|x64.ActiveCfg = Release|Any CPU
		{DA4F02E3-0B5E-42CD-B8D9-5583FA51D66E}.Static-Release|x86.ActiveCfg = Release|x86
		{DA4F02E3-0B5E-42CD-B8D9-5583FA51D66E}.Static-Release|x86.Build.0 = Release|x86
		{A2CA5E89-BADE-4AEF-9F51-E7AF3AECAD7B}.Debug|Any CPU.ActiveCfg = Debug|Any CPU
		{A2CA5E89-BADE-4AEF-9F51-E7AF3AECAD7B}.Debug|Any CPU.Build.0 = Debug|Any CPU
		{A2CA5E89-BADE-4AEF-9F51-E7AF3AECAD7B}.Debug|Mixed Platforms.ActiveCfg = Debug|Any CPU
		{A2CA5E89-BADE-4AEF-9F51-E7AF3AECAD7B}.Debug|Mixed Platforms.Build.0 = Debug|Any CPU
		{A2CA5E89-BADE-4AEF-9F51-E7AF3AECAD7B}.Debug|Win32.ActiveCfg = Debug|Any CPU
		{A2CA5E89-BADE-4AEF-9F51-E7AF3AECAD7B}.Debug|x64.ActiveCfg = Debug|x64
		{A2CA5E89-BADE-4AEF-9F51-E7AF3AECAD7B}.Debug|x64.Build.0 = Debug|x64
		{A2CA5E89-BADE-4AEF-9F51-E7AF3AECAD7B}.Debug|x86.ActiveCfg = Debug|x86
		{A2CA5E89-BADE-4AEF-9F51-E7AF3AECAD7B}.Debug|x86.Build.0 = Debug|x86
		{A2CA5E89-BADE-4AEF-9F51-E7AF3AECAD7B}.Release|Any CPU.ActiveCfg = Release|Any CPU
		{A2CA5E89-BADE-4AEF-9F51-E7AF3AECAD7B}.Release|Any CPU.Build.0 = Release|Any CPU
		{A2CA5E89-BADE-4AEF-9F51-E7AF3AECAD7B}.Release|Mixed Platforms.ActiveCfg = Release|Any CPU
		{A2CA5E89-BADE-4AEF-9F51-E7AF3AECAD7B}.Release|Mixed Platforms.Build.0 = Release|Any CPU
		{A2CA5E89-BADE-4AEF-9F51-E7AF3AECAD7B}.Release|Win32.ActiveCfg = Release|Any CPU
		{A2CA5E89-BADE-4AEF-9F51-E7AF3AECAD7B}.Release|x64.ActiveCfg = Release|x64
		{A2CA5E89-BADE-4AEF-9F51-E7AF3AECAD7B}.Release|x64.Build.0 = Release|x64
		{A2CA5E89-BADE-4AEF-9F51-E7AF3AECAD7B}.Release|x86.ActiveCfg = Release|x86
		{A2CA5E89-BADE-4AEF-9F51-E7AF3AECAD7B}.Release|x86.Build.0 = Release|x86
		{A2CA5E89-BADE-4AEF-9F51-E7AF3AECAD7B}.Static-Debug|Any CPU.ActiveCfg = Debug|Any CPU
		{A2CA5E89-BADE-4AEF-9F51-E7AF3AECAD7B}.Static-Debug|Any CPU.Build.0 = Debug|Any CPU
		{A2CA5E89-BADE-4AEF-9F51-E7AF3AECAD7B}.Static-Debug|Mixed Platforms.ActiveCfg = Debug|Any CPU
		{A2CA5E89-BADE-4AEF-9F51-E7AF3AECAD7B}.Static-Debug|Mixed Platforms.Build.0 = Debug|Any CPU
		{A2CA5E89-BADE-4AEF-9F51-E7AF3AECAD7B}.Static-Debug|Win32.ActiveCfg = Debug|Any CPU
		{A2CA5E89-BADE-4AEF-9F51-E7AF3AECAD7B}.Static-Debug|x64.ActiveCfg = Debug|Any CPU
		{A2CA5E89-BADE-4AEF-9F51-E7AF3AECAD7B}.Static-Debug|x86.ActiveCfg = Debug|x86
		{A2CA5E89-BADE-4AEF-9F51-E7AF3AECAD7B}.Static-Debug|x86.Build.0 = Debug|x86
		{A2CA5E89-BADE-4AEF-9F51-E7AF3AECAD7B}.Static-Release|Any CPU.ActiveCfg = Release|Any CPU
		{A2CA5E89-BADE-4AEF-9F51-E7AF3AECAD7B}.Static-Release|Any CPU.Build.0 = Release|Any CPU
		{A2CA5E89-BADE-4AEF-9F51-E7AF3AECAD7B}.Static-Release|Mixed Platforms.ActiveCfg = Release|Any CPU
		{A2CA5E89-BADE-4AEF-9F51-E7AF3AECAD7B}.Static-Release|Mixed Platforms.Build.0 = Release|Any CPU
		{A2CA5E89-BADE-4AEF-9F51-E7AF3AECAD7B}.Static-Release|Win32.ActiveCfg = Release|Any CPU
		{A2CA5E89-BADE-4AEF-9F51-E7AF3AECAD7B}.Static-Release|x64.ActiveCfg = Release|Any CPU
		{A2CA5E89-BADE-4AEF-9F51-E7AF3AECAD7B}.Static-Release|x86.ActiveCfg = Release|x86
		{A2CA5E89-BADE-4AEF-9F51-E7AF3AECAD7B}.Static-Release|x86.Build.0 = Release|x86
		{BE21002E-D420-4B27-880E-23987FBABEBC}.Debug|Any CPU.ActiveCfg = Debug|Any CPU
		{BE21002E-D420-4B27-880E-23987FBABEBC}.Debug|Any CPU.Build.0 = Debug|Any CPU
		{BE21002E-D420-4B27-880E-23987FBABEBC}.Debug|Mixed Platforms.ActiveCfg = Debug|Any CPU
		{BE21002E-D420-4B27-880E-23987FBABEBC}.Debug|Mixed Platforms.Build.0 = Debug|Any CPU
		{BE21002E-D420-4B27-880E-23987FBABEBC}.Debug|Win32.ActiveCfg = Debug|Any CPU
		{BE21002E-D420-4B27-880E-23987FBABEBC}.Debug|x64.ActiveCfg = Debug|Any CPU
		{BE21002E-D420-4B27-880E-23987FBABEBC}.Debug|x86.ActiveCfg = Debug|x86
		{BE21002E-D420-4B27-880E-23987FBABEBC}.Debug|x86.Build.0 = Debug|x86
		{BE21002E-D420-4B27-880E-23987FBABEBC}.Release|Any CPU.ActiveCfg = Release|Any CPU
		{BE21002E-D420-4B27-880E-23987FBABEBC}.Release|Any CPU.Build.0 = Release|Any CPU
		{BE21002E-D420-4B27-880E-23987FBABEBC}.Release|Mixed Platforms.ActiveCfg = Release|Any CPU
		{BE21002E-D420-4B27-880E-23987FBABEBC}.Release|Mixed Platforms.Build.0 = Release|Any CPU
		{BE21002E-D420-4B27-880E-23987FBABEBC}.Release|Win32.ActiveCfg = Release|Any CPU
		{BE21002E-D420-4B27-880E-23987FBABEBC}.Release|x64.ActiveCfg = Release|Any CPU
		{BE21002E-D420-4B27-880E-23987FBABEBC}.Release|x86.ActiveCfg = Release|x86
		{BE21002E-D420-4B27-880E-23987FBABEBC}.Release|x86.Build.0 = Release|x86
		{BE21002E-D420-4B27-880E-23987FBABEBC}.Static-Debug|Any CPU.ActiveCfg = Debug|Any CPU
		{BE21002E-D420-4B27-880E-23987FBABEBC}.Static-Debug|Any CPU.Build.0 = Debug|Any CPU
		{BE21002E-D420-4B27-880E-23987FBABEBC}.Static-Debug|Mixed Platforms.ActiveCfg = Debug|Any CPU
		{BE21002E-D420-4B27-880E-23987FBABEBC}.Static-Debug|Mixed Platforms.Build.0 = Debug|Any CPU
		{BE21002E-D420-4B27-880E-23987FBABEBC}.Static-Debug|Win32.ActiveCfg = Debug|Any CPU
		{BE21002E-D420-4B27-880E-23987FBABEBC}.Static-Debug|x64.ActiveCfg = Debug|Any CPU
		{BE21002E-D420-4B27-880E-23987FBABEBC}.Static-Debug|x86.ActiveCfg = Debug|Any CPU
		{BE21002E-D420-4B27-880E-23987FBABEBC}.Static-Release|Any CPU.ActiveCfg = Release|Any CPU
		{BE21002E-D420-4B27-880E-23987FBABEBC}.Static-Release|Any CPU.Build.0 = Release|Any CPU
		{BE21002E-D420-4B27-880E-23987FBABEBC}.Static-Release|Mixed Platforms.ActiveCfg = Release|Any CPU
		{BE21002E-D420-4B27-880E-23987FBABEBC}.Static-Release|Mixed Platforms.Build.0 = Release|Any CPU
		{BE21002E-D420-4B27-880E-23987FBABEBC}.Static-Release|Win32.ActiveCfg = Release|Any CPU
		{BE21002E-D420-4B27-880E-23987FBABEBC}.Static-Release|x64.ActiveCfg = Release|Any CPU
		{BE21002E-D420-4B27-880E-23987FBABEBC}.Static-Release|x86.ActiveCfg = Release|Any CPU
	EndGlobalSection
	GlobalSection(SolutionProperties) = preSolution
		HideSolutionNode = FALSE
	EndGlobalSection
EndGlobal
