
Microsoft Visual Studio Solution File, Format Version 12.00
# Visual Studio 2012
Project("{FAE04EC0-301F-11D3-BF4B-00C04F79EFBC}") = "vocoder", "vocoder\vocoder.csproj", "{CF828A40-3CD8-488C-AFDA-E3DE200A974F}"
	ProjectSection(ProjectDependencies) = postProject
		{BEA875B8-E28A-49C5-8E7E-6512DA65F7E1} = {BEA875B8-E28A-49C5-8E7E-6512DA65F7E1}
	EndProjectSection
EndProject
Project("{FAE04EC0-301F-11D3-BF4B-00C04F79EFBC}") = "FFTWSharp", "FFTWSharp\FFTWSharp\FFTWSharp.csproj", "{BEA875B8-E28A-49C5-8E7E-6512DA65F7E1}"
EndProject
Global
	GlobalSection(SolutionConfigurationPlatforms) = preSolution
		Debug|Any CPU = Debug|Any CPU
		Release|Any CPU = Release|Any CPU
	EndGlobalSection
	GlobalSection(ProjectConfigurationPlatforms) = postSolution
		{CF828A40-3CD8-488C-AFDA-E3DE200A974F}.Debug|Any CPU.ActiveCfg = Debug|Any CPU
		{CF828A40-3CD8-488C-AFDA-E3DE200A974F}.Debug|Any CPU.Build.0 = Debug|Any CPU
		{CF828A40-3CD8-488C-AFDA-E3DE200A974F}.Release|Any CPU.ActiveCfg = Release|Any CPU
		{CF828A40-3CD8-488C-AFDA-E3DE200A974F}.Release|Any CPU.Build.0 = Release|Any CPU
		{BEA875B8-E28A-49C5-8E7E-6512DA65F7E1}.Debug|Any CPU.ActiveCfg = Debug|Any CPU
		{BEA875B8-E28A-49C5-8E7E-6512DA65F7E1}.Debug|Any CPU.Build.0 = Debug|Any CPU
		{BEA875B8-E28A-49C5-8E7E-6512DA65F7E1}.Release|Any CPU.ActiveCfg = Release|Any CPU
		{BEA875B8-E28A-49C5-8E7E-6512DA65F7E1}.Release|Any CPU.Build.0 = Release|Any CPU
	EndGlobalSection
	GlobalSection(SolutionProperties) = preSolution
		HideSolutionNode = FALSE
	EndGlobalSection
EndGlobal
